
Microsoft Visual Studio Solution File, Format Version 12.00
# Visual Studio 15
VisualStudioVersion = 15.0.28307.1000
MinimumVisualStudioVersion = 10.0.40219.1
Project("{FAE04EC0-301F-11D3-BF4B-00C04F79EFBC}") = "ConsoleStudious", "ConsoleStudious\ConsoleStudious.csproj", "{C29189A9-E611-448F-8598-41A7FA0F1E01}"
EndProject
Global
	GlobalSection(SolutionConfigurationPlatforms) = preSolution
		Debug|Any CPU = Debug|Any CPU
		Release|Any CPU = Release|Any CPU
	EndGlobalSection
	GlobalSection(ProjectConfigurationPlatforms) = postSolution
		{C29189A9-E611-448F-8598-41A7FA0F1E01}.Debug|Any CPU.ActiveCfg = Debug|Any CPU
		{C29189A9-E611-448F-8598-41A7FA0F1E01}.Debug|Any CPU.Build.0 = Debug|Any CPU
		{C29189A9-E611-448F-8598-41A7FA0F1E01}.Release|Any CPU.ActiveCfg = Release|Any CPU
		{C29189A9-E611-448F-8598-41A7FA0F1E01}.Release|Any CPU.Build.0 = Release|Any CPU
	EndGlobalSection
	GlobalSection(SolutionProperties) = preSolution
		HideSolutionNode = FALSE
	EndGlobalSection
	GlobalSection(ExtensibilityGlobals) = postSolution
		SolutionGuid = {689B77AC-7DCA-4235-BEF1-7F184386DE0A}
	EndGlobalSection
EndGlobal
